<?xml version="1.0" encoding="UTF-8"?>
<CodeBlocks_project_file>
	<FileVersion major="1" minor="6"/>
	<Project>
		<Option title="GNC"/>
		<Option makefile_is_custom="1"/>
		<Option compiler="msvc8"/>
		<Option virtualFolders="CMake Files\;CMake Files\cmake_build_debug\;CMake Files\cmake_build_debug\_deps\;CMake Files\cmake_build_debug\_deps\pybind11-src\;CMake Files\cmake_build_debug\_deps\pybind11-src\tools\;"/>
		<Build>
			<Target title="all">
				<Option working_dir="C:/Users/Ethan/CLionProjects/GNC/cmake_build_debug"/>
				<Option type="4"/>
				<MakeCommands>
					<Build command="nmake /NOLOGO /f C:\Users\Ethan\CLionProjects\GNC\cmake_build_debug\Makefile VERBOSE=1 all"/>
					<CompileFile command="nmake /NOLOGO /f C:\Users\Ethan\CLionProjects\GNC\cmake_build_debug\Makefile VERBOSE=1 &quot;$file&quot;"/>
					<Clean command="nmake /NOLOGO /f C:\Users\Ethan\CLionProjects\GNC\cmake_build_debug\Makefile VERBOSE=1 clean"/>
					<DistClean command="nmake /NOLOGO /f C:\Users\Ethan\CLionProjects\GNC\cmake_build_debug\Makefile VERBOSE=1 clean"/>
				</MakeCommands>
			</Target>
			<Target title="sun_utils_cpp">
				<Option output="C:/Users/Ethan/CLionProjects/GNC/cmake_build_debug/sun_utils_cpp.cp37-win32.pyd" prefix_auto="0" extension_auto="0"/>
				<Option working_dir="C:/Users/Ethan/CLionProjects/GNC/cmake_build_debug"/>
				<Option object_output="./"/>
				<Option type="3"/>
				<Option compiler="msvc8"/>
				<Compiler>
					<Add directory="C:/Users/Ethan/CLionProjects/GNC/orbit_propagation/cpp"/>
					<Add directory="C:/Users/Ethan/CLionProjects/GNC/util_funcs/cpp"/>
					<Add directory="C:/Users/Ethan/CLionProjects/GNC/eigen-git-mirror"/>
					<Add directory="C:/Users/Ethan/CLionProjects/GNC/cmake_build_debug/_deps/pybind11-src/include"/>
					<Add directory="C:/Users/Ethan/AppData/Local/Programs/Python/Python37-32/include"/>
					<Add directory="C:\Program Files (x86)\Microsoft Visual Studio\2019\Community\VC\Tools\MSVC\14.23.28105\ATLMFC\include"/>
					<Add directory="C:\Program Files (x86)\Microsoft Visual Studio\2019\Community\VC\Tools\MSVC\14.23.28105\include"/>
					<Add directory="C:\Program Files (x86)\Windows Kits\10\include\10.0.18362.0\ucrt"/>
					<Add directory="C:\Program Files (x86)\Windows Kits\10\include\10.0.18362.0\shared"/>
					<Add directory="C:\Program Files (x86)\Windows Kits\10\include\10.0.18362.0\um"/>
					<Add directory="C:\Program Files (x86)\Windows Kits\10\include\10.0.18362.0\winrt"/>
					<Add directory="C:\Program Files (x86)\Windows Kits\10\include\10.0.18362.0\cppwinrt"/>
				</Compiler>
				<MakeCommands>
					<Build command="nmake /NOLOGO /f C:\Users\Ethan\CLionProjects\GNC\cmake_build_debug\Makefile VERBOSE=1 sun_utils_cpp"/>
					<CompileFile command="nmake /NOLOGO /f C:\Users\Ethan\CLionProjects\GNC\cmake_build_debug\Makefile VERBOSE=1 &quot;$file&quot;"/>
					<Clean command="nmake /NOLOGO /f C:\Users\Ethan\CLionProjects\GNC\cmake_build_debug\Makefile VERBOSE=1 clean"/>
					<DistClean command="nmake /NOLOGO /f C:\Users\Ethan\CLionProjects\GNC\cmake_build_debug\Makefile VERBOSE=1 clean"/>
				</MakeCommands>
			</Target>
			<Target title="sun_utils_cpp/fast">
				<Option output="C:/Users/Ethan/CLionProjects/GNC/cmake_build_debug/sun_utils_cpp.cp37-win32.pyd" prefix_auto="0" extension_auto="0"/>
				<Option working_dir="C:/Users/Ethan/CLionProjects/GNC/cmake_build_debug"/>
				<Option object_output="./"/>
				<Option type="3"/>
				<Option compiler="msvc8"/>
				<Compiler>
					<Add directory="C:/Users/Ethan/CLionProjects/GNC/orbit_propagation/cpp"/>
					<Add directory="C:/Users/Ethan/CLionProjects/GNC/util_funcs/cpp"/>
					<Add directory="C:/Users/Ethan/CLionProjects/GNC/eigen-git-mirror"/>
					<Add directory="C:/Users/Ethan/CLionProjects/GNC/cmake_build_debug/_deps/pybind11-src/include"/>
					<Add directory="C:/Users/Ethan/AppData/Local/Programs/Python/Python37-32/include"/>
					<Add directory="C:\Program Files (x86)\Microsoft Visual Studio\2019\Community\VC\Tools\MSVC\14.23.28105\ATLMFC\include"/>
					<Add directory="C:\Program Files (x86)\Microsoft Visual Studio\2019\Community\VC\Tools\MSVC\14.23.28105\include"/>
					<Add directory="C:\Program Files (x86)\Windows Kits\10\include\10.0.18362.0\ucrt"/>
					<Add directory="C:\Program Files (x86)\Windows Kits\10\include\10.0.18362.0\shared"/>
					<Add directory="C:\Program Files (x86)\Windows Kits\10\include\10.0.18362.0\um"/>
					<Add directory="C:\Program Files (x86)\Windows Kits\10\include\10.0.18362.0\winrt"/>
					<Add directory="C:\Program Files (x86)\Windows Kits\10\include\10.0.18362.0\cppwinrt"/>
				</Compiler>
				<MakeCommands>
					<Build command="nmake /NOLOGO /f C:\Users\Ethan\CLionProjects\GNC\cmake_build_debug\Makefile VERBOSE=1 sun_utils_cpp/fast"/>
					<CompileFile command="nmake /NOLOGO /f C:\Users\Ethan\CLionProjects\GNC\cmake_build_debug\Makefile VERBOSE=1 &quot;$file&quot;"/>
					<Clean command="nmake /NOLOGO /f C:\Users\Ethan\CLionProjects\GNC\cmake_build_debug\Makefile VERBOSE=1 clean"/>
					<DistClean command="nmake /NOLOGO /f C:\Users\Ethan\CLionProjects\GNC\cmake_build_debug\Makefile VERBOSE=1 clean"/>
				</MakeCommands>
			</Target>
			<Target title="edit_cache">
				<Option working_dir="C:/Users/Ethan/CLionProjects/GNC/cmake_build_debug"/>
				<Option type="4"/>
				<MakeCommands>
					<Build command="nmake /NOLOGO /f C:\Users\Ethan\CLionProjects\GNC\cmake_build_debug\Makefile VERBOSE=1 edit_cache"/>
					<CompileFile command="nmake /NOLOGO /f C:\Users\Ethan\CLionProjects\GNC\cmake_build_debug\Makefile VERBOSE=1 &quot;$file&quot;"/>
					<Clean command="nmake /NOLOGO /f C:\Users\Ethan\CLionProjects\GNC\cmake_build_debug\Makefile VERBOSE=1 clean"/>
					<DistClean command="nmake /NOLOGO /f C:\Users\Ethan\CLionProjects\GNC\cmake_build_debug\Makefile VERBOSE=1 clean"/>
				</MakeCommands>
			</Target>
			<Target title="rebuild_cache">
				<Option working_dir="C:/Users/Ethan/CLionProjects/GNC/cmake_build_debug"/>
				<Option type="4"/>
				<MakeCommands>
					<Build command="nmake /NOLOGO /f C:\Users\Ethan\CLionProjects\GNC\cmake_build_debug\Makefile VERBOSE=1 rebuild_cache"/>
					<CompileFile command="nmake /NOLOGO /f C:\Users\Ethan\CLionProjects\GNC\cmake_build_debug\Makefile VERBOSE=1 &quot;$file&quot;"/>
					<Clean command="nmake /NOLOGO /f C:\Users\Ethan\CLionProjects\GNC\cmake_build_debug\Makefile VERBOSE=1 clean"/>
					<DistClean command="nmake /NOLOGO /f C:\Users\Ethan\CLionProjects\GNC\cmake_build_debug\Makefile VERBOSE=1 clean"/>
				</MakeCommands>
			</Target>
		</Build>
		<Unit filename="C:/Users/Ethan/CLionProjects/GNC/util_funcs/cpp/sun_utils.cpp">
			<Option target="sun_utils_cpp"/>
		</Unit>
		<Unit filename="C:/Users/Ethan/CLionProjects/GNC/util_funcs/cpp/sun_utils.h">
			<Option target="sun_utils_cpp"/>
		</Unit>
		<Unit filename="C:/Users/Ethan/CLionProjects/GNC/CMakeLists.txt">
			<Option virtualFolder="CMake Files\"/>
		</Unit>
		<Unit filename="C:/Users/Ethan/CLionProjects/GNC/cmake_build_debug/_deps/pybind11-src/CMakeLists.txt">
			<Option virtualFolder="CMake Files\cmake_build_debug\_deps\pybind11-src\"/>
		</Unit>
		<Unit filename="C:/Users/Ethan/CLionProjects/GNC/cmake_build_debug/_deps/pybind11-src/tools/FindPythonLibsNew.cmake">
			<Option virtualFolder="CMake Files\cmake_build_debug\_deps\pybind11-src\tools\"/>
		</Unit>
		<Unit filename="C:/Users/Ethan/CLionProjects/GNC/cmake_build_debug/_deps/pybind11-src/tools/pybind11Tools.cmake">
			<Option virtualFolder="CMake Files\cmake_build_debug\_deps\pybind11-src\tools\"/>
		</Unit>
	</Project>
</CodeBlocks_project_file>
